
Microsoft Visual Studio Solution File, Format Version 12.00
# Visual Studio Version 17
VisualStudioVersion = 17.2.32526.322
MinimumVisualStudioVersion = 10.0.40219.1
Project("{FAE04EC0-301F-11D3-BF4B-00C04F79EFBC}") = "hola mundo1", "hola mundo1\hola mundo1.csproj", "{F322F004-D087-45A6-8C91-63E4ACC5245E}"
EndProject
Global
	GlobalSection(SolutionConfigurationPlatforms) = preSolution
		Debug|Any CPU = Debug|Any CPU
		Release|Any CPU = Release|Any CPU
	EndGlobalSection
	GlobalSection(ProjectConfigurationPlatforms) = postSolution
		{F322F004-D087-45A6-8C91-63E4ACC5245E}.Debug|Any CPU.ActiveCfg = Debug|Any CPU
		{F322F004-D087-45A6-8C91-63E4ACC5245E}.Debug|Any CPU.Build.0 = Debug|Any CPU
		{F322F004-D087-45A6-8C91-63E4ACC5245E}.Release|Any CPU.ActiveCfg = Release|Any CPU
		{F322F004-D087-45A6-8C91-63E4ACC5245E}.Release|Any CPU.Build.0 = Release|Any CPU
	EndGlobalSection
	GlobalSection(SolutionProperties) = preSolution
		HideSolutionNode = FALSE
	EndGlobalSection
	GlobalSection(ExtensibilityGlobals) = postSolution
		SolutionGuid = {0BEB929E-420E-4E25-B452-30F813DB4548}
	EndGlobalSection
EndGlobal
